// !$*UTF8*$!
{
	archiveVersion = 1;
	classes = {
	};
	objectVersion = 46;
	objects = {

/* Begin PBXBuildFile section */
		896FDAB51C23784600F6B689 /* main.m in Sources */ = {isa = PBXBuildFile; fileRef = 896FDAB41C23784600F6B689 /* main.m */; };
		896FDAB81C23784600F6B689 /* AppDelegate.m in Sources */ = {isa = PBXBuildFile; fileRef = 896FDAB71C23784600F6B689 /* AppDelegate.m */; };
		896FDABB1C23784600F6B689 /* ViewController.m in Sources */ = {isa = PBXBuildFile; fileRef = 896FDABA1C23784600F6B689 /* ViewController.m */; };
		896FDABE1C23784600F6B689 /* Main.storyboard in Resources */ = {isa = PBXBuildFile; fileRef = 896FDABC1C23784600F6B689 /* Main.storyboard */; };
		896FDAC01C23784600F6B689 /* Assets.xcassets in Resources */ = {isa = PBXBuildFile; fileRef = 896FDABF1C23784600F6B689 /* Assets.xcassets */; };
		896FDAC31C23784600F6B689 /* LaunchScreen.storyboard in Resources */ = {isa = PBXBuildFile; fileRef = 896FDAC11C23784600F6B689 /* LaunchScreen.storyboard */; };
		896FDACD1C23786B00F6B689 /* CoreLocation.framework in Frameworks */ = {isa = PBXBuildFile; fileRef = 896FDACC1C23786B00F6B689 /* CoreLocation.framework */; };
		896FDACF1C23788400F6B689 /* MultipeerConnectivity.framework in Frameworks */ = {isa = PBXBuildFile; fileRef = 896FDACE1C23788400F6B689 /* MultipeerConnectivity.framework */; };
		896FDAD21C237A3300F6B689 /* ConfigViewController.m in Sources */ = {isa = PBXBuildFile; fileRef = 896FDAD11C237A3300F6B689 /* ConfigViewController.m */; };
		896FDAD51C237B6B00F6B689 /* CameraViewController.m in Sources */ = {isa = PBXBuildFile; fileRef = 896FDAD41C237B6B00F6B689 /* CameraViewController.m */; };
		89A48CF71C32075D008636E5 /* IMG_0035.png in Resources */ = {isa = PBXBuildFile; fileRef = 89A48CF61C32075D008636E5 /* IMG_0035.png */; };
/* End PBXBuildFile section */

/* Begin PBXFileReference section */
		895A70F21C46006C0038A225 /* btCamera.entitlements */ = {isa = PBXFileReference; lastKnownFileType = text.xml; path = btCamera.entitlements; sourceTree = "<group>"; };
		896FDAB01C23784600F6B689 /* btCamera.app */ = {isa = PBXFileReference; explicitFileType = wrapper.application; includeInIndex = 0; path = btCamera.app; sourceTree = BUILT_PRODUCTS_DIR; };
		896FDAB41C23784600F6B689 /* main.m */ = {isa = PBXFileReference; lastKnownFileType = sourcecode.c.objc; path = main.m; sourceTree = "<group>"; };
		896FDAB61C23784600F6B689 /* AppDelegate.h */ = {isa = PBXFileReference; lastKnownFileType = sourcecode.c.h; path = AppDelegate.h; sourceTree = "<group>"; };
		896FDAB71C23784600F6B689 /* AppDelegate.m */ = {isa = PBXFileReference; lastKnownFileType = sourcecode.c.objc; path = AppDelegate.m; sourceTree = "<group>"; };
		896FDAB91C23784600F6B689 /* ViewController.h */ = {isa = PBXFileReference; lastKnownFileType = sourcecode.c.h; path = ViewController.h; sourceTree = "<group>"; };
		896FDABA1C23784600F6B689 /* ViewController.m */ = {isa = PBXFileReference; lastKnownFileType = sourcecode.c.objc; path = ViewController.m; sourceTree = "<group>"; };
		896FDABD1C23784600F6B689 /* Base */ = {isa = PBXFileReference; lastKnownFileType = file.storyboard; name = Base; path = Base.lproj/Main.storyboard; sourceTree = "<group>"; };
		896FDABF1C23784600F6B689 /* Assets.xcassets */ = {isa = PBXFileReference; lastKnownFileType = folder.assetcatalog; path = Assets.xcassets; sourceTree = "<group>"; };
		896FDAC21C23784600F6B689 /* Base */ = {isa = PBXFileReference; lastKnownFileType = file.storyboard; name = Base; path = Base.lproj/LaunchScreen.storyboard; sourceTree = "<group>"; };
		896FDAC41C23784600F6B689 /* Info.plist */ = {isa = PBXFileReference; lastKnownFileType = text.plist.xml; path = Info.plist; sourceTree = "<group>"; };
		896FDACC1C23786B00F6B689 /* CoreLocation.framework */ = {isa = PBXFileReference; lastKnownFileType = wrapper.framework; name = CoreLocation.framework; path = System/Library/Frameworks/CoreLocation.framework; sourceTree = SDKROOT; };
		896FDACE1C23788400F6B689 /* MultipeerConnectivity.framework */ = {isa = PBXFileReference; lastKnownFileType = wrapper.framework; name = MultipeerConnectivity.framework; path = System/Library/Frameworks/MultipeerConnectivity.framework; sourceTree = SDKROOT; };
		896FDAD01C237A3300F6B689 /* ConfigViewController.h */ = {isa = PBXFileReference; fileEncoding = 4; lastKnownFileType = sourcecode.c.h; path = ConfigViewController.h; sourceTree = "<group>"; };
		896FDAD11C237A3300F6B689 /* ConfigViewController.m */ = {isa = PBXFileReference; fileEncoding = 4; lastKnownFileType = sourcecode.c.objc; path = ConfigViewController.m; sourceTree = "<group>"; };
		896FDAD31C237B6B00F6B689 /* CameraViewController.h */ = {isa = PBXFileReference; fileEncoding = 4; lastKnownFileType = sourcecode.c.h; path = CameraViewController.h; sourceTree = "<group>"; };
		896FDAD41C237B6B00F6B689 /* CameraViewController.m */ = {isa = PBXFileReference; fileEncoding = 4; lastKnownFileType = sourcecode.c.objc; path = CameraViewController.m; sourceTree = "<group>"; };
		89A48CF61C32075D008636E5 /* IMG_0035.png */ = {isa = PBXFileReference; lastKnownFileType = image.png; path = IMG_0035.png; sourceTree = "<group>"; };
/* End PBXFileReference section */

/* Begin PBXFrameworksBuildPhase section */
		896FDAAD1C23784600F6B689 /* Frameworks */ = {
			isa = PBXFrameworksBuildPhase;
			buildActionMask = 2147483647;
			files = (
				896FDACF1C23788400F6B689 /* MultipeerConnectivity.framework in Frameworks */,
				896FDACD1C23786B00F6B689 /* CoreLocation.framework in Frameworks */,
			);
			runOnlyForDeploymentPostprocessing = 0;
		};
/* End PBXFrameworksBuildPhase section */

/* Begin PBXGroup section */
		896FDAA71C23784600F6B689 = {
			isa = PBXGroup;
			children = (
				896FDACE1C23788400F6B689 /* MultipeerConnectivity.framework */,
				896FDACC1C23786B00F6B689 /* CoreLocation.framework */,
				896FDAB21C23784600F6B689 /* btCamera */,
				896FDAB11C23784600F6B689 /* Products */,
			);
			sourceTree = "<group>";
		};
		896FDAB11C23784600F6B689 /* Products */ = {
			isa = PBXGroup;
			children = (
				896FDAB01C23784600F6B689 /* btCamera.app */,
			);
			name = Products;
			sourceTree = "<group>";
		};
		896FDAB21C23784600F6B689 /* btCamera */ = {
			isa = PBXGroup;
			children = (
				895A70F21C46006C0038A225 /* btCamera.entitlements */,
				896FDAB61C23784600F6B689 /* AppDelegate.h */,
				896FDAB71C23784600F6B689 /* AppDelegate.m */,
				896FDAB91C23784600F6B689 /* ViewController.h */,
				896FDABA1C23784600F6B689 /* ViewController.m */,
				896FDAD01C237A3300F6B689 /* ConfigViewController.h */,
				896FDAD11C237A3300F6B689 /* ConfigViewController.m */,
				896FDAD31C237B6B00F6B689 /* CameraViewController.h */,
				896FDAD41C237B6B00F6B689 /* CameraViewController.m */,
				896FDABC1C23784600F6B689 /* Main.storyboard */,
				896FDABF1C23784600F6B689 /* Assets.xcassets */,
				896FDAC11C23784600F6B689 /* LaunchScreen.storyboard */,
				896FDAC41C23784600F6B689 /* Info.plist */,
				89A48CF51C320740008636E5 /* images */,
				896FDAB31C23784600F6B689 /* Supporting Files */,
			);
			path = btCamera;
			sourceTree = "<group>";
		};
		896FDAB31C23784600F6B689 /* Supporting Files */ = {
			isa = PBXGroup;
			children = (
				896FDAB41C23784600F6B689 /* main.m */,
			);
			name = "Supporting Files";
			sourceTree = "<group>";
		};
		89A48CF51C320740008636E5 /* images */ = {
			isa = PBXGroup;
			children = (
				89A48CF61C32075D008636E5 /* IMG_0035.png */,
			);
			path = images;
			sourceTree = "<group>";
		};
/* End PBXGroup section */

/* Begin PBXNativeTarget section */
		896FDAAF1C23784600F6B689 /* btCamera */ = {
			isa = PBXNativeTarget;
			buildConfigurationList = 896FDAC71C23784600F6B689 /* Build configuration list for PBXNativeTarget "btCamera" */;
			buildPhases = (
				896FDAAC1C23784600F6B689 /* Sources */,
				896FDAAD1C23784600F6B689 /* Frameworks */,
				896FDAAE1C23784600F6B689 /* Resources */,
			);
			buildRules = (
			);
			dependencies = (
			);
			name = btCamera;
			productName = btCamera;
			productReference = 896FDAB01C23784600F6B689 /* btCamera.app */;
			productType = "com.apple.product-type.application";
		};
/* End PBXNativeTarget section */

/* Begin PBXProject section */
		896FDAA81C23784600F6B689 /* Project object */ = {
			isa = PBXProject;
			attributes = {
				LastUpgradeCheck = 0720;
				ORGANIZATIONNAME = "KUMATA Tomokatsu";
				TargetAttributes = {
					896FDAAF1C23784600F6B689 = {
						CreatedOnToolsVersion = 7.2;
						DevelopmentTeam = RA8AYBBYPE;
						SystemCapabilities = {
							com.apple.BackgroundModes = {
								enabled = 1;
							};
							com.apple.WAC = {
								enabled = 0;
							};
						};
					};
				};
			};
			buildConfigurationList = 896FDAAB1C23784600F6B689 /* Build configuration list for PBXProject "btCamera" */;
			compatibilityVersion = "Xcode 3.2";
			developmentRegion = English;
			hasScannedForEncodings = 0;
			knownRegions = (
				en,
				Base,
			);
			mainGroup = 896FDAA71C23784600F6B689;
			productRefGroup = 896FDAB11C23784600F6B689 /* Products */;
			projectDirPath = "";
			projectRoot = "";
			targets = (
				896FDAAF1C23784600F6B689 /* btCamera */,
			);
		};
/* End PBXProject section */

/* Begin PBXResourcesBuildPhase section */
		896FDAAE1C23784600F6B689 /* Resources */ = {
			isa = PBXResourcesBuildPhase;
			buildActionMask = 2147483647;
			files = (
				896FDAC31C23784600F6B689 /* LaunchScreen.storyboard in Resources */,
				896FDAC01C23784600F6B689 /* Assets.xcassets in Resources */,
				896FDABE1C23784600F6B689 /* Main.storyboard in Resources */,
				89A48CF71C32075D008636E5 /* IMG_0035.png in Resources */,
			);
			runOnlyForDeploymentPostprocessing = 0;
		};
/* End PBXResourcesBuildPhase section */

/* Begin PBXSourcesBuildPhase section */
		896FDAAC1C23784600F6B689 /* Sources */ = {
			isa = PBXSourcesBuildPhase;
			buildActionMask = 2147483647;
			files = (
				896FDAD51C237B6B00F6B689 /* CameraViewController.m in Sources */,
				896FDABB1C23784600F6B689 /* ViewController.m in Sources */,
				896FDAB81C23784600F6B689 /* AppDelegate.m in Sources */,
				896FDAD21C237A3300F6B689 /* ConfigViewController.m in Sources */,
				896FDAB51C23784600F6B689 /* main.m in Sources */,
			);
			runOnlyForDeploymentPostprocessing = 0;
		};
/* End PBXSourcesBuildPhase section */

/* Begin PBXVariantGroup section */
		896FDABC1C23784600F6B689 /* Main.storyboard */ = {
			isa = PBXVariantGroup;
			children = (
				896FDABD1C23784600F6B689 /* Base */,
			);
			name = Main.storyboard;
			sourceTree = "<group>";
		};
		896FDAC11C23784600F6B689 /* LaunchScreen.storyboard */ = {
			isa = PBXVariantGroup;
			children = (
				896FDAC21C23784600F6B689 /* Base */,
			);
			name = LaunchScreen.storyboard;
			sourceTree = "<group>";
		};
/* End PBXVariantGroup section */

/* Begin XCBuildConfiguration section */
		896FDAC51C23784600F6B689 /* Debug */ = {
			isa = XCBuildConfiguration;
			buildSettings = {
				ALWAYS_SEARCH_USER_PATHS = NO;
				CLANG_CXX_LANGUAGE_STANDARD = "gnu++0x";
				CLANG_CXX_LIBRARY = "libc++";
				CLANG_ENABLE_MODULES = YES;
				CLANG_ENABLE_OBJC_ARC = YES;
				CLANG_WARN_BOOL_CONVERSION = YES;
				CLANG_WARN_CONSTANT_CONVERSION = YES;
				CLANG_WARN_DIRECT_OBJC_ISA_USAGE = YES_ERROR;
				CLANG_WARN_EMPTY_BODY = YES;
				CLANG_WARN_ENUM_CONVERSION = YES;
				CLANG_WARN_INT_CONVERSION = YES;
				CLANG_WARN_OBJC_ROOT_CLASS = YES_ERROR;
				CLANG_WARN_UNREACHABLE_CODE = YES;
				CLANG_WARN__DUPLICATE_METHOD_MATCH = YES;
				"CODE_SIGN_IDENTITY[sdk=iphoneos*]" = "iPhone Developer";
				COPY_PHASE_STRIP = NO;
				DEBUG_INFORMATION_FORMAT = dwarf;
				ENABLE_STRICT_OBJC_MSGSEND = YES;
				ENABLE_TESTABILITY = YES;
				GCC_C_LANGUAGE_STANDARD = gnu99;
				GCC_DYNAMIC_NO_PIC = NO;
				GCC_NO_COMMON_BLOCKS = YES;
				GCC_OPTIMIZATION_LEVEL = 0;
				GCC_PREPROCESSOR_DEFINITIONS = (
					"DEBUG=1",
					"$(inherited)",
				);
				GCC_WARN_64_TO_32_BIT_CONVERSION = YES;
				GCC_WARN_ABOUT_RETURN_TYPE = YES_ERROR;
				GCC_WARN_UNDECLARED_SELECTOR = YES;
				GCC_WARN_UNINITIALIZED_AUTOS = YES_AGGRESSIVE;
				GCC_WARN_UNUSED_FUNCTION = YES;
				GCC_WARN_UNUSED_VARIABLE = YES;
				IPHONEOS_DEPLOYMENT_TARGET = 9.2;
				MTL_ENABLE_DEBUG_INFO = YES;
				ONLY_ACTIVE_ARCH = YES;
				SDKROOT = iphoneos;
				TARGETED_DEVICE_FAMILY = "1,2";
			};
			name = Debug;
		};
		896FDAC61C23784600F6B689 /* Release */ = {
			isa = XCBuildConfiguration;
			buildSettings = {
				ALWAYS_SEARCH_USER_PATHS = NO;
				CLANG_CXX_LANGUAGE_STANDARD = "gnu++0x";
				CLANG_CXX_LIBRARY = "libc++";
				CLANG_ENABLE_MODULES = YES;
				CLANG_ENABLE_OBJC_ARC = YES;
				CLANG_WARN_BOOL_CONVERSION = YES;
				CLANG_WARN_CONSTANT_CONVERSION = YES;
				CLANG_WARN_DIRECT_OBJC_ISA_USAGE = YES_ERROR;
				CLANG_WARN_EMPTY_BODY = YES;
				CLANG_WARN_ENUM_CONVERSION = YES;
				CLANG_WARN_INT_CONVERSION = YES;
				CLANG_WARN_OBJC_ROOT_CLASS = YES_ERROR;
				CLANG_WARN_UNREACHABLE_CODE = YES;
				CLANG_WARN__DUPLICATE_METHOD_MATCH = YES;
				"CODE_SIGN_IDENTITY[sdk=iphoneos*]" = "iPhone Developer";
				COPY_PHASE_STRIP = NO;
				DEBUG_INFORMATION_FORMAT = "dwarf-with-dsym";
				ENABLE_NS_ASSERTIONS = NO;
				ENABLE_STRICT_OBJC_MSGSEND = YES;
				GCC_C_LANGUAGE_STANDARD = gnu99;
				GCC_NO_COMMON_BLOCKS = YES;
				GCC_WARN_64_TO_32_BIT_CONVERSION = YES;
				GCC_WARN_ABOUT_RETURN_TYPE = YES_ERROR;
				GCC_WARN_UNDECLARED_SELECTOR = YES;
				GCC_WARN_UNINITIALIZED_AUTOS = YES_AGGRESSIVE;
				GCC_WARN_UNUSED_FUNCTION = YES;
				GCC_WARN_UNUSED_VARIABLE = YES;
				IPHONEOS_DEPLOYMENT_TARGET = 9.2;
				MTL_ENABLE_DEBUG_INFO = NO;
				SDKROOT = iphoneos;
				TARGETED_DEVICE_FAMILY = "1,2";
				VALIDATE_PRODUCT = YES;
			};
			name = Release;
		};
		896FDAC81C23784600F6B689 /* Debug */ = {
			isa = XCBuildConfiguration;
			buildSettings = {
				ASSETCATALOG_COMPILER_APPICON_NAME = AppIcon;
				CODE_SIGN_IDENTITY = "iPhone Developer";
				"CODE_SIGN_IDENTITY[sdk=iphoneos*]" = "iPhone Developer";
				INFOPLIST_FILE = btCamera/Info.plist;
				LD_RUNPATH_SEARCH_PATHS = "$(inherited) @executable_path/Frameworks";
				PRODUCT_BUNDLE_IDENTIFIER = com.example.kmt.btCamera;
				PRODUCT_NAME = "$(TARGET_NAME)";
				PROVISIONING_PROFILE = "";
				TARGETED_DEVICE_FAMILY = 1;
			};
			name = Debug;
		};
		896FDAC91C23784600F6B689 /* Release */ = {
			isa = XCBuildConfiguration;
			buildSettings = {
				ASSETCATALOG_COMPILER_APPICON_NAME = AppIcon;
				CODE_SIGN_IDENTITY = "iPhone Developer";
				"CODE_SIGN_IDENTITY[sdk=iphoneos*]" = "iPhone Developer";
				INFOPLIST_FILE = btCamera/Info.plist;
				LD_RUNPATH_SEARCH_PATHS = "$(inherited) @executable_path/Frameworks";
				PRODUCT_BUNDLE_IDENTIFIER = com.example.kmt.btCamera;
				PRODUCT_NAME = "$(TARGET_NAME)";
				PROVISIONING_PROFILE = "";
				TARGETED_DEVICE_FAMILY = 1;
			};
			name = Release;
		};
/* End XCBuildConfiguration section */

/* Begin XCConfigurationList section */
		896FDAAB1C23784600F6B689 /* Build configuration list for PBXProject "btCamera" */ = {
			isa = XCConfigurationList;
			buildConfigurations = (
				896FDAC51C23784600F6B689 /* Debug */,
				896FDAC61C23784600F6B689 /* Release */,
			);
			defaultConfigurationIsVisible = 0;
			defaultConfigurationName = Release;
		};
		896FDAC71C23784600F6B689 /* Build configuration list for PBXNativeTarget "btCamera" */ = {
			isa = XCConfigurationList;
			buildConfigurations = (
				896FDAC81C23784600F6B689 /* Debug */,
				896FDAC91C23784600F6B689 /* Release */,
			);
			defaultConfigurationIsVisible = 0;
			defaultConfigurationName = Release;
		};
/* End XCConfigurationList section */
	};
	rootObject = 896FDAA81C23784600F6B689 /* Project object */;
}
